// !$*UTF8*$!
{
	archiveVersion = 1;
	classes = {
	};
	objectVersion = 46;
	objects = {

/* Begin PBXBuildFile section */
		8A0ADBE71DB9F39400CBEAC6 /* LMHomeCollectionHeaderView.m in Sources */ = {isa = PBXBuildFile; fileRef = 8A0ADBE61DB9F39400CBEAC6 /* LMHomeCollectionHeaderView.m */; };
		8A0ADBEA1DBA043200CBEAC6 /* LMAnimationViewController.m in Sources */ = {isa = PBXBuildFile; fileRef = 8A0ADBE91DBA043200CBEAC6 /* LMAnimationViewController.m */; };
		8A124D5D1D9B54E600C2925A /* UILabel+LM.m in Sources */ = {isa = PBXBuildFile; fileRef = 8A124D5C1D9B54E600C2925A /* UILabel+LM.m */; };
		8A124D611D9B5AEC00C2925A /* LMNavigationController.m in Sources */ = {isa = PBXBuildFile; fileRef = 8A124D601D9B5AEC00C2925A /* LMNavigationController.m */; };
		8A1523A31D94213000247AC4 /* UIBarButtonItem+LM.m in Sources */ = {isa = PBXBuildFile; fileRef = 8A1523A21D94213000247AC4 /* UIBarButtonItem+LM.m */; };
		8A1EFE341DB8740D00919B2B /* LMHomeProductTableViewCell.m in Sources */ = {isa = PBXBuildFile; fileRef = 8A1EFE331DB8740D00919B2B /* LMHomeProductTableViewCell.m */; };
		8A1EFE371DB89CA300919B2B /* LMLMHomeProductCollectionViewCell.m in Sources */ = {isa = PBXBuildFile; fileRef = 8A1EFE361DB89CA300919B2B /* LMLMHomeProductCollectionViewCell.m */; };
		8A1EFE3D1DB8CD8000919B2B /* LMHomeHeaderView.m in Sources */ = {isa = PBXBuildFile; fileRef = 8A1EFE3C1DB8CD8000919B2B /* LMHomeHeaderView.m */; };
		8A1EFE401DB8CE7800919B2B /* LMHomeFooterView.m in Sources */ = {isa = PBXBuildFile; fileRef = 8A1EFE3F1DB8CE7800919B2B /* LMHomeFooterView.m */; };
		8A62574B1D97CB2E00C7ECCF /* LMTabBarViewController.m in Sources */ = {isa = PBXBuildFile; fileRef = 8A62574A1D97CB2E00C7ECCF /* LMTabBarViewController.m */; };
		8A6257741D97D93D00C7ECCF /* UIImage+LM.m in Sources */ = {isa = PBXBuildFile; fileRef = 8A6257731D97D93D00C7ECCF /* UIImage+LM.m */; };
		8AB562701D86D19A0073E94E /* main.m in Sources */ = {isa = PBXBuildFile; fileRef = 8AB5626F1D86D19A0073E94E /* main.m */; };
		8AB562731D86D19B0073E94E /* AppDelegate.m in Sources */ = {isa = PBXBuildFile; fileRef = 8AB562721D86D19B0073E94E /* AppDelegate.m */; };
		8AB5627B1D86D19B0073E94E /* Assets.xcassets in Resources */ = {isa = PBXBuildFile; fileRef = 8AB5627A1D86D19B0073E94E /* Assets.xcassets */; };
		8AB5627E1D86D19B0073E94E /* LaunchScreen.storyboard in Resources */ = {isa = PBXBuildFile; fileRef = 8AB5627C1D86D19B0073E94E /* LaunchScreen.storyboard */; };
		8AB562AF1D86D8B70073E94E /* NSString+Base64.m in Sources */ = {isa = PBXBuildFile; fileRef = 8AB5629C1D86D8B70073E94E /* NSString+Base64.m */; };
		8AB562B01D86D8B70073E94E /* NSString+log.m in Sources */ = {isa = PBXBuildFile; fileRef = 8AB5629E1D86D8B70073E94E /* NSString+log.m */; };
		8AB562B11D86D8B70073E94E /* UIView+LMUIViewExtension.m in Sources */ = {isa = PBXBuildFile; fileRef = 8AB562A11D86D8B70073E94E /* UIView+LMUIViewExtension.m */; };
		8AB562B21D86D8B70073E94E /* LMHttpTool.m in Sources */ = {isa = PBXBuildFile; fileRef = 8AB562A41D86D8B70073E94E /* LMHttpTool.m */; };
		8AB562B31D86D8B70073E94E /* LMPostParaments.m in Sources */ = {isa = PBXBuildFile; fileRef = 8AB562A61D86D8B70073E94E /* LMPostParaments.m */; };
		8AB562B91D86E97B0073E94E /* UIColor+LM.m in Sources */ = {isa = PBXBuildFile; fileRef = 8AB562B81D86E97B0073E94E /* UIColor+LM.m */; };
		8AD170E51D97C2000019F0C9 /* MBProgressHUD+LM.m in Sources */ = {isa = PBXBuildFile; fileRef = 8AD170E31D97C2000019F0C9 /* MBProgressHUD+LM.m */; };
		8AD170E61D97C2000019F0C9 /* MBProgressHUD+LM.xcassets in Resources */ = {isa = PBXBuildFile; fileRef = 8AD170E41D97C2000019F0C9 /* MBProgressHUD+LM.xcassets */; };
		8AD1B1441DB46A9000292626 /* LMBaseViewController.m in Sources */ = {isa = PBXBuildFile; fileRef = 8AD1B1431DB46A9000292626 /* LMBaseViewController.m */; };
		8AD1B1471DB46ABD00292626 /* LMHoneViewController.m in Sources */ = {isa = PBXBuildFile; fileRef = 8AD1B1461DB46ABD00292626 /* LMHoneViewController.m */; };
		8AD1B14A1DB46AF700292626 /* LMSuperMarketViewController.m in Sources */ = {isa = PBXBuildFile; fileRef = 8AD1B1491DB46AF700292626 /* LMSuperMarketViewController.m */; };
		8AD1B14D1DB46B0600292626 /* LMMineViewController.m in Sources */ = {isa = PBXBuildFile; fileRef = 8AD1B14C1DB46B0600292626 /* LMMineViewController.m */; };
		8AD1B1501DB46B1A00292626 /* LMShopCartViewController.m in Sources */ = {isa = PBXBuildFile; fileRef = 8AD1B14F1DB46B1A00292626 /* LMShopCartViewController.m */; };
		8AD1B1571DB47DB700292626 /* UITabBar+badge.m in Sources */ = {isa = PBXBuildFile; fileRef = 8AD1B1541DB47DB700292626 /* UITabBar+badge.m */; };
		8AD1B1581DB47DB700292626 /* LMTabBar.m in Sources */ = {isa = PBXBuildFile; fileRef = 8AD1B1561DB47DB700292626 /* LMTabBar.m */; };
		8AD1B15F1DB4A7F800292626 /* LMPageScrollView.m in Sources */ = {isa = PBXBuildFile; fileRef = 8AD1B15E1DB4A7F800292626 /* LMPageScrollView.m */; };
		BFFA3E747CDC4ED432FEED70 /* libPods-LMLoveFreshBeen.a in Frameworks */ = {isa = PBXBuildFile; fileRef = 3269C72FB8A46271068328AE /* libPods-LMLoveFreshBeen.a */; };
/* End PBXBuildFile section */

/* Begin PBXFileReference section */
		3269C72FB8A46271068328AE /* libPods-LMLoveFreshBeen.a */ = {isa = PBXFileReference; explicitFileType = archive.ar; includeInIndex = 0; path = "libPods-LMLoveFreshBeen.a"; sourceTree = BUILT_PRODUCTS_DIR; };
		395107BD64AA5621AED04AE9 /* Pods-LMLoveFreshBeen.debug.xcconfig */ = {isa = PBXFileReference; includeInIndex = 1; lastKnownFileType = text.xcconfig; name = "Pods-LMLoveFreshBeen.debug.xcconfig"; path = "Pods/Target Support Files/Pods-LMLoveFreshBeen/Pods-LMLoveFreshBeen.debug.xcconfig"; sourceTree = "<group>"; };
		477FA94CF3E9CDF361A095DD /* Pods-LMLoveFreshBeen.release.xcconfig */ = {isa = PBXFileReference; includeInIndex = 1; lastKnownFileType = text.xcconfig; name = "Pods-LMLoveFreshBeen.release.xcconfig"; path = "Pods/Target Support Files/Pods-LMLoveFreshBeen/Pods-LMLoveFreshBeen.release.xcconfig"; sourceTree = "<group>"; };
		8A0ADBE51DB9F39400CBEAC6 /* LMHomeCollectionHeaderView.h */ = {isa = PBXFileReference; fileEncoding = 4; lastKnownFileType = sourcecode.c.h; path = LMHomeCollectionHeaderView.h; sourceTree = "<group>"; };
		8A0ADBE61DB9F39400CBEAC6 /* LMHomeCollectionHeaderView.m */ = {isa = PBXFileReference; fileEncoding = 4; lastKnownFileType = sourcecode.c.objc; path = LMHomeCollectionHeaderView.m; sourceTree = "<group>"; };
		8A0ADBE81DBA043200CBEAC6 /* LMAnimationViewController.h */ = {isa = PBXFileReference; fileEncoding = 4; lastKnownFileType = sourcecode.c.h; path = LMAnimationViewController.h; sourceTree = "<group>"; };
		8A0ADBE91DBA043200CBEAC6 /* LMAnimationViewController.m */ = {isa = PBXFileReference; fileEncoding = 4; lastKnownFileType = sourcecode.c.objc; path = LMAnimationViewController.m; sourceTree = "<group>"; };
		8A124D5B1D9B54E600C2925A /* UILabel+LM.h */ = {isa = PBXFileReference; fileEncoding = 4; lastKnownFileType = sourcecode.c.h; path = "UILabel+LM.h"; sourceTree = "<group>"; };
		8A124D5C1D9B54E600C2925A /* UILabel+LM.m */ = {isa = PBXFileReference; fileEncoding = 4; lastKnownFileType = sourcecode.c.objc; path = "UILabel+LM.m"; sourceTree = "<group>"; };
		8A124D5E1D9B59DA00C2925A /* LMExtensionHeader.h */ = {isa = PBXFileReference; lastKnownFileType = sourcecode.c.h; path = LMExtensionHeader.h; sourceTree = "<group>"; };
		8A124D5F1D9B5AEC00C2925A /* LMNavigationController.h */ = {isa = PBXFileReference; fileEncoding = 4; lastKnownFileType = sourcecode.c.h; path = LMNavigationController.h; sourceTree = "<group>"; };
		8A124D601D9B5AEC00C2925A /* LMNavigationController.m */ = {isa = PBXFileReference; fileEncoding = 4; lastKnownFileType = sourcecode.c.objc; path = LMNavigationController.m; sourceTree = "<group>"; };
		8A1523A11D94213000247AC4 /* UIBarButtonItem+LM.h */ = {isa = PBXFileReference; fileEncoding = 4; lastKnownFileType = sourcecode.c.h; path = "UIBarButtonItem+LM.h"; sourceTree = "<group>"; };
		8A1523A21D94213000247AC4 /* UIBarButtonItem+LM.m */ = {isa = PBXFileReference; fileEncoding = 4; lastKnownFileType = sourcecode.c.objc; path = "UIBarButtonItem+LM.m"; sourceTree = "<group>"; };
		8A1EFE321DB8740D00919B2B /* LMHomeProductTableViewCell.h */ = {isa = PBXFileReference; fileEncoding = 4; lastKnownFileType = sourcecode.c.h; path = LMHomeProductTableViewCell.h; sourceTree = "<group>"; };
		8A1EFE331DB8740D00919B2B /* LMHomeProductTableViewCell.m */ = {isa = PBXFileReference; fileEncoding = 4; lastKnownFileType = sourcecode.c.objc; path = LMHomeProductTableViewCell.m; sourceTree = "<group>"; };
		8A1EFE351DB89CA300919B2B /* LMLMHomeProductCollectionViewCell.h */ = {isa = PBXFileReference; fileEncoding = 4; lastKnownFileType = sourcecode.c.h; path = LMLMHomeProductCollectionViewCell.h; sourceTree = "<group>"; };
		8A1EFE361DB89CA300919B2B /* LMLMHomeProductCollectionViewCell.m */ = {isa = PBXFileReference; fileEncoding = 4; lastKnownFileType = sourcecode.c.objc; path = LMLMHomeProductCollectionViewCell.m; sourceTree = "<group>"; };
		8A1EFE3B1DB8CD8000919B2B /* LMHomeHeaderView.h */ = {isa = PBXFileReference; fileEncoding = 4; lastKnownFileType = sourcecode.c.h; path = LMHomeHeaderView.h; sourceTree = "<group>"; };
		8A1EFE3C1DB8CD8000919B2B /* LMHomeHeaderView.m */ = {isa = PBXFileReference; fileEncoding = 4; lastKnownFileType = sourcecode.c.objc; path = LMHomeHeaderView.m; sourceTree = "<group>"; };
		8A1EFE3E1DB8CE7800919B2B /* LMHomeFooterView.h */ = {isa = PBXFileReference; fileEncoding = 4; lastKnownFileType = sourcecode.c.h; path = LMHomeFooterView.h; sourceTree = "<group>"; };
		8A1EFE3F1DB8CE7800919B2B /* LMHomeFooterView.m */ = {isa = PBXFileReference; fileEncoding = 4; lastKnownFileType = sourcecode.c.objc; path = LMHomeFooterView.m; sourceTree = "<group>"; };
		8A6257491D97CB2E00C7ECCF /* LMTabBarViewController.h */ = {isa = PBXFileReference; fileEncoding = 4; lastKnownFileType = sourcecode.c.h; path = LMTabBarViewController.h; sourceTree = "<group>"; };
		8A62574A1D97CB2E00C7ECCF /* LMTabBarViewController.m */ = {isa = PBXFileReference; fileEncoding = 4; lastKnownFileType = sourcecode.c.objc; path = LMTabBarViewController.m; sourceTree = "<group>"; };
		8A6257721D97D93D00C7ECCF /* UIImage+LM.h */ = {isa = PBXFileReference; fileEncoding = 4; lastKnownFileType = sourcecode.c.h; path = "UIImage+LM.h"; sourceTree = "<group>"; };
		8A6257731D97D93D00C7ECCF /* UIImage+LM.m */ = {isa = PBXFileReference; fileEncoding = 4; lastKnownFileType = sourcecode.c.objc; path = "UIImage+LM.m"; sourceTree = "<group>"; };
		8AB5626B1D86D19A0073E94E /* LMLoveFreshBeen.app */ = {isa = PBXFileReference; explicitFileType = wrapper.application; includeInIndex = 0; path = LMLoveFreshBeen.app; sourceTree = BUILT_PRODUCTS_DIR; };
		8AB5626F1D86D19A0073E94E /* main.m */ = {isa = PBXFileReference; lastKnownFileType = sourcecode.c.objc; path = main.m; sourceTree = "<group>"; };
		8AB562711D86D19A0073E94E /* AppDelegate.h */ = {isa = PBXFileReference; lastKnownFileType = sourcecode.c.h; name = AppDelegate.h; path = ../../AppDelegate.h; sourceTree = "<group>"; };
		8AB562721D86D19B0073E94E /* AppDelegate.m */ = {isa = PBXFileReference; lastKnownFileType = sourcecode.c.objc; name = AppDelegate.m; path = ../../AppDelegate.m; sourceTree = "<group>"; };
		8AB5627A1D86D19B0073E94E /* Assets.xcassets */ = {isa = PBXFileReference; lastKnownFileType = folder.assetcatalog; name = Assets.xcassets; path = ../../Assets.xcassets; sourceTree = "<group>"; };
		8AB5627D1D86D19B0073E94E /* Base */ = {isa = PBXFileReference; lastKnownFileType = file.storyboard; name = Base; path = Base.lproj/LaunchScreen.storyboard; sourceTree = "<group>"; };
		8AB5627F1D86D19B0073E94E /* Info.plist */ = {isa = PBXFileReference; lastKnownFileType = text.plist.xml; name = Info.plist; path = ../../Info.plist; sourceTree = "<group>"; };
		8AB5629B1D86D8B70073E94E /* NSString+Base64.h */ = {isa = PBXFileReference; fileEncoding = 4; lastKnownFileType = sourcecode.c.h; path = "NSString+Base64.h"; sourceTree = "<group>"; };
		8AB5629C1D86D8B70073E94E /* NSString+Base64.m */ = {isa = PBXFileReference; fileEncoding = 4; lastKnownFileType = sourcecode.c.objc; path = "NSString+Base64.m"; sourceTree = "<group>"; };
		8AB5629D1D86D8B70073E94E /* NSString+log.h */ = {isa = PBXFileReference; fileEncoding = 4; lastKnownFileType = sourcecode.c.h; path = "NSString+log.h"; sourceTree = "<group>"; };
		8AB5629E1D86D8B70073E94E /* NSString+log.m */ = {isa = PBXFileReference; fileEncoding = 4; lastKnownFileType = sourcecode.c.objc; path = "NSString+log.m"; sourceTree = "<group>"; };
		8AB5629F1D86D8B70073E94E /* Singleton.h */ = {isa = PBXFileReference; fileEncoding = 4; lastKnownFileType = sourcecode.c.h; path = Singleton.h; sourceTree = "<group>"; };
		8AB562A01D86D8B70073E94E /* UIView+LMUIViewExtension.h */ = {isa = PBXFileReference; fileEncoding = 4; lastKnownFileType = sourcecode.c.h; path = "UIView+LMUIViewExtension.h"; sourceTree = "<group>"; };
		8AB562A11D86D8B70073E94E /* UIView+LMUIViewExtension.m */ = {isa = PBXFileReference; fileEncoding = 4; lastKnownFileType = sourcecode.c.objc; path = "UIView+LMUIViewExtension.m"; sourceTree = "<group>"; };
		8AB562A31D86D8B70073E94E /* LMHttpTool.h */ = {isa = PBXFileReference; fileEncoding = 4; lastKnownFileType = sourcecode.c.h; path = LMHttpTool.h; sourceTree = "<group>"; };
		8AB562A41D86D8B70073E94E /* LMHttpTool.m */ = {isa = PBXFileReference; fileEncoding = 4; lastKnownFileType = sourcecode.c.objc; path = LMHttpTool.m; sourceTree = "<group>"; };
		8AB562A51D86D8B70073E94E /* LMPostParaments.h */ = {isa = PBXFileReference; fileEncoding = 4; lastKnownFileType = sourcecode.c.h; path = LMPostParaments.h; sourceTree = "<group>"; };
		8AB562A61D86D8B70073E94E /* LMPostParaments.m */ = {isa = PBXFileReference; fileEncoding = 4; lastKnownFileType = sourcecode.c.objc; path = LMPostParaments.m; sourceTree = "<group>"; };
		8AB562A81D86D8B70073E94E /* APIStringMacros.h */ = {isa = PBXFileReference; fileEncoding = 4; lastKnownFileType = sourcecode.c.h; path = APIStringMacros.h; sourceTree = "<group>"; };
		8AB562A91D86D8B70073E94E /* DimensMacros.h */ = {isa = PBXFileReference; fileEncoding = 4; lastKnownFileType = sourcecode.c.h; path = DimensMacros.h; sourceTree = "<group>"; };
		8AB562AA1D86D8B70073E94E /* Macros.h */ = {isa = PBXFileReference; fileEncoding = 4; lastKnownFileType = sourcecode.c.h; path = Macros.h; sourceTree = "<group>"; };
		8AB562AB1D86D8B70073E94E /* NotificationMacros.h */ = {isa = PBXFileReference; fileEncoding = 4; lastKnownFileType = sourcecode.c.h; path = NotificationMacros.h; sourceTree = "<group>"; };
		8AB562AC1D86D8B70073E94E /* PathMacros.h */ = {isa = PBXFileReference; fileEncoding = 4; lastKnownFileType = sourcecode.c.h; path = PathMacros.h; sourceTree = "<group>"; };
		8AB562AD1D86D8B70073E94E /* UtilsMacros.h */ = {isa = PBXFileReference; fileEncoding = 4; lastKnownFileType = sourcecode.c.h; path = UtilsMacros.h; sourceTree = "<group>"; };
		8AB562B71D86E97B0073E94E /* UIColor+LM.h */ = {isa = PBXFileReference; fileEncoding = 4; lastKnownFileType = sourcecode.c.h; path = "UIColor+LM.h"; sourceTree = "<group>"; };
		8AB562B81D86E97B0073E94E /* UIColor+LM.m */ = {isa = PBXFileReference; fileEncoding = 4; lastKnownFileType = sourcecode.c.objc; path = "UIColor+LM.m"; sourceTree = "<group>"; };
		8AD170E21D97C2000019F0C9 /* MBProgressHUD+LM.h */ = {isa = PBXFileReference; fileEncoding = 4; lastKnownFileType = sourcecode.c.h; path = "MBProgressHUD+LM.h"; sourceTree = "<group>"; };
		8AD170E31D97C2000019F0C9 /* MBProgressHUD+LM.m */ = {isa = PBXFileReference; fileEncoding = 4; lastKnownFileType = sourcecode.c.objc; path = "MBProgressHUD+LM.m"; sourceTree = "<group>"; };
		8AD170E41D97C2000019F0C9 /* MBProgressHUD+LM.xcassets */ = {isa = PBXFileReference; lastKnownFileType = folder.assetcatalog; path = "MBProgressHUD+LM.xcassets"; sourceTree = "<group>"; };
		8AD170E71D97C2420019F0C9 /* LoveFreshBeen.pch */ = {isa = PBXFileReference; lastKnownFileType = sourcecode.c.h; path = LoveFreshBeen.pch; sourceTree = "<group>"; };
		8AD1B1421DB46A9000292626 /* LMBaseViewController.h */ = {isa = PBXFileReference; fileEncoding = 4; lastKnownFileType = sourcecode.c.h; path = LMBaseViewController.h; sourceTree = "<group>"; };
		8AD1B1431DB46A9000292626 /* LMBaseViewController.m */ = {isa = PBXFileReference; fileEncoding = 4; lastKnownFileType = sourcecode.c.objc; path = LMBaseViewController.m; sourceTree = "<group>"; };
		8AD1B1451DB46ABD00292626 /* LMHoneViewController.h */ = {isa = PBXFileReference; fileEncoding = 4; lastKnownFileType = sourcecode.c.h; path = LMHoneViewController.h; sourceTree = "<group>"; };
		8AD1B1461DB46ABD00292626 /* LMHoneViewController.m */ = {isa = PBXFileReference; fileEncoding = 4; lastKnownFileType = sourcecode.c.objc; path = LMHoneViewController.m; sourceTree = "<group>"; };
		8AD1B1481DB46AF700292626 /* LMSuperMarketViewController.h */ = {isa = PBXFileReference; fileEncoding = 4; lastKnownFileType = sourcecode.c.h; path = LMSuperMarketViewController.h; sourceTree = "<group>"; };
		8AD1B1491DB46AF700292626 /* LMSuperMarketViewController.m */ = {isa = PBXFileReference; fileEncoding = 4; lastKnownFileType = sourcecode.c.objc; path = LMSuperMarketViewController.m; sourceTree = "<group>"; };
		8AD1B14B1DB46B0600292626 /* LMMineViewController.h */ = {isa = PBXFileReference; fileEncoding = 4; lastKnownFileType = sourcecode.c.h; path = LMMineViewController.h; sourceTree = "<group>"; };
		8AD1B14C1DB46B0600292626 /* LMMineViewController.m */ = {isa = PBXFileReference; fileEncoding = 4; lastKnownFileType = sourcecode.c.objc; path = LMMineViewController.m; sourceTree = "<group>"; };
		8AD1B14E1DB46B1A00292626 /* LMShopCartViewController.h */ = {isa = PBXFileReference; fileEncoding = 4; lastKnownFileType = sourcecode.c.h; path = LMShopCartViewController.h; sourceTree = "<group>"; };
		8AD1B14F1DB46B1A00292626 /* LMShopCartViewController.m */ = {isa = PBXFileReference; fileEncoding = 4; lastKnownFileType = sourcecode.c.objc; path = LMShopCartViewController.m; sourceTree = "<group>"; };
		8AD1B1511DB46B5800292626 /* LMViewControllerHeader.h */ = {isa = PBXFileReference; lastKnownFileType = sourcecode.c.h; path = LMViewControllerHeader.h; sourceTree = "<group>"; };
		8AD1B1521DB46B8000292626 /* LMModelHeader.h */ = {isa = PBXFileReference; lastKnownFileType = sourcecode.c.h; path = LMModelHeader.h; sourceTree = "<group>"; };
		8AD1B1531DB47DB700292626 /* UITabBar+badge.h */ = {isa = PBXFileReference; fileEncoding = 4; lastKnownFileType = sourcecode.c.h; path = "UITabBar+badge.h"; sourceTree = "<group>"; };
		8AD1B1541DB47DB700292626 /* UITabBar+badge.m */ = {isa = PBXFileReference; fileEncoding = 4; lastKnownFileType = sourcecode.c.objc; path = "UITabBar+badge.m"; sourceTree = "<group>"; };
		8AD1B1551DB47DB700292626 /* LMTabBar.h */ = {isa = PBXFileReference; fileEncoding = 4; lastKnownFileType = sourcecode.c.h; path = LMTabBar.h; sourceTree = "<group>"; };
		8AD1B1561DB47DB700292626 /* LMTabBar.m */ = {isa = PBXFileReference; fileEncoding = 4; lastKnownFileType = sourcecode.c.objc; path = LMTabBar.m; sourceTree = "<group>"; };
		8AD1B15D1DB4A7F800292626 /* LMPageScrollView.h */ = {isa = PBXFileReference; fileEncoding = 4; lastKnownFileType = sourcecode.c.h; path = LMPageScrollView.h; sourceTree = "<group>"; };
		8AD1B15E1DB4A7F800292626 /* LMPageScrollView.m */ = {isa = PBXFileReference; fileEncoding = 4; lastKnownFileType = sourcecode.c.objc; path = LMPageScrollView.m; sourceTree = "<group>"; };
/* End PBXFileReference section */

/* Begin PBXFrameworksBuildPhase section */
		8AB562681D86D19A0073E94E /* Frameworks */ = {
			isa = PBXFrameworksBuildPhase;
			buildActionMask = 2147483647;
			files = (
				BFFA3E747CDC4ED432FEED70 /* libPods-LMLoveFreshBeen.a in Frameworks */,
			);
			runOnlyForDeploymentPostprocessing = 0;
		};
/* End PBXFrameworksBuildPhase section */

/* Begin PBXGroup section */
		5BAD139C6DF4F10F1015AFE4 /* Pods */ = {
			isa = PBXGroup;
			children = (
				395107BD64AA5621AED04AE9 /* Pods-LMLoveFreshBeen.debug.xcconfig */,
				477FA94CF3E9CDF361A095DD /* Pods-LMLoveFreshBeen.release.xcconfig */,
			);
			name = Pods;
			sourceTree = "<group>";
		};
		65804F62A7DA222F579192DE /* Frameworks */ = {
			isa = PBXGroup;
			children = (
				3269C72FB8A46271068328AE /* libPods-LMLoveFreshBeen.a */,
			);
			name = Frameworks;
			sourceTree = "<group>";
		};
		8AB562621D86D19A0073E94E = {
			isa = PBXGroup;
			children = (
				8AB5626D1D86D19A0073E94E /* LMLoveFreshBeen */,
				8AB5626C1D86D19A0073E94E /* Products */,
				5BAD139C6DF4F10F1015AFE4 /* Pods */,
				65804F62A7DA222F579192DE /* Frameworks */,
			);
			sourceTree = "<group>";
		};
		8AB5626C1D86D19A0073E94E /* Products */ = {
			isa = PBXGroup;
			children = (
				8AB5626B1D86D19A0073E94E /* LMLoveFreshBeen.app */,
			);
			name = Products;
			sourceTree = "<group>";
		};
		8AB5626D1D86D19A0073E94E /* LMLoveFreshBeen */ = {
			isa = PBXGroup;
			children = (
				8AB562851D86D8B70073E94E /* Classes */,
				8AB5626E1D86D19A0073E94E /* Supporting Files */,
			);
			path = LMLoveFreshBeen;
			sourceTree = "<group>";
		};
		8AB5626E1D86D19A0073E94E /* Supporting Files */ = {
			isa = PBXGroup;
			children = (
				8AB5626F1D86D19A0073E94E /* main.m */,
				8AD170E71D97C2420019F0C9 /* LoveFreshBeen.pch */,
				8AD1B1511DB46B5800292626 /* LMViewControllerHeader.h */,
				8AD1B1521DB46B8000292626 /* LMModelHeader.h */,
			);
			name = "Supporting Files";
			sourceTree = "<group>";
		};
		8AB562851D86D8B70073E94E /* Classes */ = {
			isa = PBXGroup;
			children = (
				8AB562861D86D8B70073E94E /* AppDelegate */,
				8AB562891D86D8B70073E94E /* Main */,
				8AB562871D86D8B70073E94E /* Home */,
				8AB5628C1D86D8B70073E94E /* Mine */,
				8AB562941D86D8B70073E94E /* SuperMarket */,
				8AB562911D86D8B70073E94E /* ShopCart */,
				8AB562971D86D8B70073E94E /* Tools */,
				8AB5628F1D86D8B70073E94E /* Model */,
				8AB562B41D86D96D0073E94E /* Reasource */,
				8AB562B51D86D9B40073E94E /* Vender */,
				8AB562901D86D8B70073E94E /* Other */,
			);
			path = Classes;
			sourceTree = "<group>";
		};
		8AB562861D86D8B70073E94E /* AppDelegate */ = {
			isa = PBXGroup;
			children = (
				8AB562711D86D19A0073E94E /* AppDelegate.h */,
				8AB562721D86D19B0073E94E /* AppDelegate.m */,
			);
			path = AppDelegate;
			sourceTree = "<group>";
		};
		8AB562871D86D8B70073E94E /* Home */ = {
			isa = PBXGroup;
			children = (
				8AD1B1591DB4A6C600292626 /* Views */,
				8AB562881D86D8B70073E94E /* ViewController */,
			);
			path = Home;
			sourceTree = "<group>";
		};
		8AB562881D86D8B70073E94E /* ViewController */ = {
			isa = PBXGroup;
			children = (
				8AD1B1451DB46ABD00292626 /* LMHoneViewController.h */,
				8AD1B1461DB46ABD00292626 /* LMHoneViewController.m */,
			);
			path = ViewController;
			sourceTree = "<group>";
		};
		8AB562891D86D8B70073E94E /* Main */ = {
			isa = PBXGroup;
			children = (
				8AB5628A1D86D8B70073E94E /* ViewController */,
				8AB5628B1D86D8B70073E94E /* Views */,
			);
			path = Main;
			sourceTree = "<group>";
		};
		8AB5628A1D86D8B70073E94E /* ViewController */ = {
			isa = PBXGroup;
			children = (
				8AD1B1531DB47DB700292626 /* UITabBar+badge.h */,
				8AD1B1541DB47DB700292626 /* UITabBar+badge.m */,
				8AD1B1551DB47DB700292626 /* LMTabBar.h */,
				8AD1B1561DB47DB700292626 /* LMTabBar.m */,
				8A124D5F1D9B5AEC00C2925A /* LMNavigationController.h */,
				8A124D601D9B5AEC00C2925A /* LMNavigationController.m */,
				8A6257491D97CB2E00C7ECCF /* LMTabBarViewController.h */,
				8A62574A1D97CB2E00C7ECCF /* LMTabBarViewController.m */,
				8AD1B1421DB46A9000292626 /* LMBaseViewController.h */,
				8AD1B1431DB46A9000292626 /* LMBaseViewController.m */,
				8A0ADBE81DBA043200CBEAC6 /* LMAnimationViewController.h */,
				8A0ADBE91DBA043200CBEAC6 /* LMAnimationViewController.m */,
			);
			path = ViewController;
			sourceTree = "<group>";
		};
		8AB5628B1D86D8B70073E94E /* Views */ = {
			isa = PBXGroup;
			children = (
			);
			path = Views;
			sourceTree = "<group>";
		};
		8AB5628C1D86D8B70073E94E /* Mine */ = {
			isa = PBXGroup;
			children = (
				8AB5628D1D86D8B70073E94E /* ViewController */,
				8AB5628E1D86D8B70073E94E /* Views */,
			);
			path = Mine;
			sourceTree = "<group>";
		};
		8AB5628D1D86D8B70073E94E /* ViewController */ = {
			isa = PBXGroup;
			children = (
				8AD1B14B1DB46B0600292626 /* LMMineViewController.h */,
				8AD1B14C1DB46B0600292626 /* LMMineViewController.m */,
			);
			path = ViewController;
			sourceTree = "<group>";
		};
		8AB5628E1D86D8B70073E94E /* Views */ = {
			isa = PBXGroup;
			children = (
			);
			path = Views;
			sourceTree = "<group>";
		};
		8AB5628F1D86D8B70073E94E /* Model */ = {
			isa = PBXGroup;
			children = (
			);
			path = Model;
			sourceTree = "<group>";
		};
		8AB562901D86D8B70073E94E /* Other */ = {
			isa = PBXGroup;
			children = (
				8AB5627A1D86D19B0073E94E /* Assets.xcassets */,
				8AB5627C1D86D19B0073E94E /* LaunchScreen.storyboard */,
				8AB5627F1D86D19B0073E94E /* Info.plist */,
			);
			path = Other;
			sourceTree = "<group>";
		};
		8AB562911D86D8B70073E94E /* ShopCart */ = {
			isa = PBXGroup;
			children = (
				8AB562921D86D8B70073E94E /* ViewController */,
				8AB562931D86D8B70073E94E /* Views */,
			);
			path = ShopCart;
			sourceTree = "<group>";
		};
		8AB562921D86D8B70073E94E /* ViewController */ = {
			isa = PBXGroup;
			children = (
				8AD1B14E1DB46B1A00292626 /* LMShopCartViewController.h */,
				8AD1B14F1DB46B1A00292626 /* LMShopCartViewController.m */,
			);
			path = ViewController;
			sourceTree = "<group>";
		};
		8AB562931D86D8B70073E94E /* Views */ = {
			isa = PBXGroup;
			children = (
			);
			path = Views;
			sourceTree = "<group>";
		};
		8AB562941D86D8B70073E94E /* SuperMarket */ = {
			isa = PBXGroup;
			children = (
				8AB562951D86D8B70073E94E /* ViewController */,
				8AB562961D86D8B70073E94E /* Views */,
			);
			path = SuperMarket;
			sourceTree = "<group>";
		};
		8AB562951D86D8B70073E94E /* ViewController */ = {
			isa = PBXGroup;
			children = (
				8AD1B1481DB46AF700292626 /* LMSuperMarketViewController.h */,
				8AD1B1491DB46AF700292626 /* LMSuperMarketViewController.m */,
			);
			path = ViewController;
			sourceTree = "<group>";
		};
		8AB562961D86D8B70073E94E /* Views */ = {
			isa = PBXGroup;
			children = (
			);
			path = Views;
			sourceTree = "<group>";
		};
		8AB562971D86D8B70073E94E /* Tools */ = {
			isa = PBXGroup;
			children = (
				8AB562981D86D8B70073E94E /* Extension */,
				8AB562A21D86D8B70073E94E /* Http */,
				8AB562A71D86D8B70073E94E /* Macros(宏) */,
			);
			path = Tools;
			sourceTree = "<group>";
		};
		8AB562981D86D8B70073E94E /* Extension */ = {
			isa = PBXGroup;
			children = (
				8A124D5E1D9B59DA00C2925A /* LMExtensionHeader.h */,
				8AD170E11D97C2000019F0C9 /* LM+MBProgress */,
				8AB5629B1D86D8B70073E94E /* NSString+Base64.h */,
				8AB5629C1D86D8B70073E94E /* NSString+Base64.m */,
				8AB5629D1D86D8B70073E94E /* NSString+log.h */,
				8AB5629E1D86D8B70073E94E /* NSString+log.m */,
				8AB5629F1D86D8B70073E94E /* Singleton.h */,
				8AB562A01D86D8B70073E94E /* UIView+LMUIViewExtension.h */,
				8AB562A11D86D8B70073E94E /* UIView+LMUIViewExtension.m */,
				8AB562B71D86E97B0073E94E /* UIColor+LM.h */,
				8AB562B81D86E97B0073E94E /* UIColor+LM.m */,
				8A1523A11D94213000247AC4 /* UIBarButtonItem+LM.h */,
				8A1523A21D94213000247AC4 /* UIBarButtonItem+LM.m */,
				8A6257721D97D93D00C7ECCF /* UIImage+LM.h */,
				8A6257731D97D93D00C7ECCF /* UIImage+LM.m */,
				8A124D5B1D9B54E600C2925A /* UILabel+LM.h */,
				8A124D5C1D9B54E600C2925A /* UILabel+LM.m */,
			);
			path = Extension;
			sourceTree = "<group>";
		};
		8AB562A21D86D8B70073E94E /* Http */ = {
			isa = PBXGroup;
			children = (
				8AB562A31D86D8B70073E94E /* LMHttpTool.h */,
				8AB562A41D86D8B70073E94E /* LMHttpTool.m */,
				8AB562A51D86D8B70073E94E /* LMPostParaments.h */,
				8AB562A61D86D8B70073E94E /* LMPostParaments.m */,
			);
			path = Http;
			sourceTree = "<group>";
		};
		8AB562A71D86D8B70073E94E /* Macros(宏) */ = {
			isa = PBXGroup;
			children = (
				8AB562AA1D86D8B70073E94E /* Macros.h */,
				8AB562A81D86D8B70073E94E /* APIStringMacros.h */,
				8AB562A91D86D8B70073E94E /* DimensMacros.h */,
				8AB562AB1D86D8B70073E94E /* NotificationMacros.h */,
				8AB562AC1D86D8B70073E94E /* PathMacros.h */,
				8AB562AD1D86D8B70073E94E /* UtilsMacros.h */,
			);
			path = "Macros(宏)";
			sourceTree = "<group>";
		};
		8AB562B41D86D96D0073E94E /* Reasource */ = {
			isa = PBXGroup;
			children = (
			);
			name = Reasource;
			path = Model/Reasource;
			sourceTree = "<group>";
		};
		8AB562B51D86D9B40073E94E /* Vender */ = {
			isa = PBXGroup;
			children = (
			);
			name = Vender;
			path = Other/Vender;
			sourceTree = "<group>";
		};
		8AD170E11D97C2000019F0C9 /* LM+MBProgress */ = {
			isa = PBXGroup;
			children = (
				8AD170E21D97C2000019F0C9 /* MBProgressHUD+LM.h */,
				8AD170E31D97C2000019F0C9 /* MBProgressHUD+LM.m */,
				8AD170E41D97C2000019F0C9 /* MBProgressHUD+LM.xcassets */,
			);
			path = "LM+MBProgress";
			sourceTree = "<group>";
		};
		8AD1B1591DB4A6C600292626 /* Views */ = {
			isa = PBXGroup;
			children = (
				8A0ADBE51DB9F39400CBEAC6 /* LMHomeCollectionHeaderView.h */,
				8A0ADBE61DB9F39400CBEAC6 /* LMHomeCollectionHeaderView.m */,
				8AD1B15D1DB4A7F800292626 /* LMPageScrollView.h */,
				8AD1B15E1DB4A7F800292626 /* LMPageScrollView.m */,
				8A1EFE321DB8740D00919B2B /* LMHomeProductTableViewCell.h */,
				8A1EFE331DB8740D00919B2B /* LMHomeProductTableViewCell.m */,
				8A1EFE351DB89CA300919B2B /* LMLMHomeProductCollectionViewCell.h */,
				8A1EFE361DB89CA300919B2B /* LMLMHomeProductCollectionViewCell.m */,
				8A1EFE3B1DB8CD8000919B2B /* LMHomeHeaderView.h */,
				8A1EFE3C1DB8CD8000919B2B /* LMHomeHeaderView.m */,
				8A1EFE3E1DB8CE7800919B2B /* LMHomeFooterView.h */,
				8A1EFE3F1DB8CE7800919B2B /* LMHomeFooterView.m */,
			);
			path = Views;
			sourceTree = "<group>";
		};
/* End PBXGroup section */

/* Begin PBXNativeTarget section */
		8AB5626A1D86D19A0073E94E /* LMLoveFreshBeen */ = {
			isa = PBXNativeTarget;
			buildConfigurationList = 8AB562821D86D19B0073E94E /* Build configuration list for PBXNativeTarget "LMLoveFreshBeen" */;
			buildPhases = (
				CBB2DDEB8C97F114702ADDF8 /* [CP] Check Pods Manifest.lock */,
				8AB562671D86D19A0073E94E /* Sources */,
				8AB562681D86D19A0073E94E /* Frameworks */,
				8AB562691D86D19A0073E94E /* Resources */,
				998D9C4414D65C04DABA63B2 /* [CP] Embed Pods Frameworks */,
				C454B8CC5ED78FAFC5926762 /* [CP] Copy Pods Resources */,
			);
			buildRules = (
			);
			dependencies = (
			);
			name = LMLoveFreshBeen;
			productName = LMLoveFreshBeen;
			productReference = 8AB5626B1D86D19A0073E94E /* LMLoveFreshBeen.app */;
			productType = "com.apple.product-type.application";
		};
/* End PBXNativeTarget section */

/* Begin PBXProject section */
		8AB562631D86D19A0073E94E /* Project object */ = {
			isa = PBXProject;
			attributes = {
				CLASSPREFIX = LM;
				LastUpgradeCheck = 0730;
				ORGANIZATIONNAME = "刘明";
				TargetAttributes = {
					8AB5626A1D86D19A0073E94E = {
						CreatedOnToolsVersion = 7.3.1;
						DevelopmentTeam = PPW9FUQJ5U;
					};
				};
			};
			buildConfigurationList = 8AB562661D86D19A0073E94E /* Build configuration list for PBXProject "LMLoveFreshBeen" */;
			compatibilityVersion = "Xcode 3.2";
			developmentRegion = English;
			hasScannedForEncodings = 0;
			knownRegions = (
				en,
				Base,
			);
			mainGroup = 8AB562621D86D19A0073E94E;
			productRefGroup = 8AB5626C1D86D19A0073E94E /* Products */;
			projectDirPath = "";
			projectRoot = "";
			targets = (
				8AB5626A1D86D19A0073E94E /* LMLoveFreshBeen */,
			);
		};
/* End PBXProject section */

/* Begin PBXResourcesBuildPhase section */
		8AB562691D86D19A0073E94E /* Resources */ = {
			isa = PBXResourcesBuildPhase;
			buildActionMask = 2147483647;
			files = (
				8AD170E61D97C2000019F0C9 /* MBProgressHUD+LM.xcassets in Resources */,
				8AB5627E1D86D19B0073E94E /* LaunchScreen.storyboard in Resources */,
				8AB5627B1D86D19B0073E94E /* Assets.xcassets in Resources */,
			);
			runOnlyForDeploymentPostprocessing = 0;
		};
/* End PBXResourcesBuildPhase section */

/* Begin PBXShellScriptBuildPhase section */
		998D9C4414D65C04DABA63B2 /* [CP] Embed Pods Frameworks */ = {
			isa = PBXShellScriptBuildPhase;
			buildActionMask = 2147483647;
			files = (
			);
			inputPaths = (
			);
			name = "[CP] Embed Pods Frameworks";
			outputPaths = (
			);
			runOnlyForDeploymentPostprocessing = 0;
			shellPath = /bin/sh;
			shellScript = "\"${SRCROOT}/Pods/Target Support Files/Pods-LMLoveFreshBeen/Pods-LMLoveFreshBeen-frameworks.sh\"\n";
			showEnvVarsInLog = 0;
		};
		C454B8CC5ED78FAFC5926762 /* [CP] Copy Pods Resources */ = {
			isa = PBXShellScriptBuildPhase;
			buildActionMask = 2147483647;
			files = (
			);
			inputPaths = (
			);
			name = "[CP] Copy Pods Resources";
			outputPaths = (
			);
			runOnlyForDeploymentPostprocessing = 0;
			shellPath = /bin/sh;
			shellScript = "\"${SRCROOT}/Pods/Target Support Files/Pods-LMLoveFreshBeen/Pods-LMLoveFreshBeen-resources.sh\"\n";
			showEnvVarsInLog = 0;
		};
		CBB2DDEB8C97F114702ADDF8 /* [CP] Check Pods Manifest.lock */ = {
			isa = PBXShellScriptBuildPhase;
			buildActionMask = 2147483647;
			files = (
			);
			inputPaths = (
			);
			name = "[CP] Check Pods Manifest.lock";
			outputPaths = (
			);
			runOnlyForDeploymentPostprocessing = 0;
			shellPath = /bin/sh;
			shellScript = "diff \"${PODS_ROOT}/../Podfile.lock\" \"${PODS_ROOT}/Manifest.lock\" > /dev/null\nif [ $? != 0 ] ; then\n    # print error to STDERR\n    echo \"error: The sandbox is not in sync with the Podfile.lock. Run 'pod install' or update your CocoaPods installation.\" >&2\n    exit 1\nfi\n";
			showEnvVarsInLog = 0;
		};
/* End PBXShellScriptBuildPhase section */

/* Begin PBXSourcesBuildPhase section */
		8AB562671D86D19A0073E94E /* Sources */ = {
			isa = PBXSourcesBuildPhase;
			buildActionMask = 2147483647;
			files = (
				8A124D5D1D9B54E600C2925A /* UILabel+LM.m in Sources */,
				8AB562B11D86D8B70073E94E /* UIView+LMUIViewExtension.m in Sources */,
				8AD1B1501DB46B1A00292626 /* LMShopCartViewController.m in Sources */,
				8A1523A31D94213000247AC4 /* UIBarButtonItem+LM.m in Sources */,
				8AD1B15F1DB4A7F800292626 /* LMPageScrollView.m in Sources */,
				8A1EFE341DB8740D00919B2B /* LMHomeProductTableViewCell.m in Sources */,
				8AD1B14A1DB46AF700292626 /* LMSuperMarketViewController.m in Sources */,
				8A1EFE371DB89CA300919B2B /* LMLMHomeProductCollectionViewCell.m in Sources */,
				8AD1B1471DB46ABD00292626 /* LMHoneViewController.m in Sources */,
				8AB562B31D86D8B70073E94E /* LMPostParaments.m in Sources */,
				8AB562731D86D19B0073E94E /* AppDelegate.m in Sources */,
				8AB562701D86D19A0073E94E /* main.m in Sources */,
				8AD1B14D1DB46B0600292626 /* LMMineViewController.m in Sources */,
				8A0ADBE71DB9F39400CBEAC6 /* LMHomeCollectionHeaderView.m in Sources */,
				8A0ADBEA1DBA043200CBEAC6 /* LMAnimationViewController.m in Sources */,
				8AB562B91D86E97B0073E94E /* UIColor+LM.m in Sources */,
				8AD1B1571DB47DB700292626 /* UITabBar+badge.m in Sources */,
				8A1EFE401DB8CE7800919B2B /* LMHomeFooterView.m in Sources */,
				8AD1B1441DB46A9000292626 /* LMBaseViewController.m in Sources */,
				8AD170E51D97C2000019F0C9 /* MBProgressHUD+LM.m in Sources */,
				8A124D611D9B5AEC00C2925A /* LMNavigationController.m in Sources */,
				8A62574B1D97CB2E00C7ECCF /* LMTabBarViewController.m in Sources */,
				8AD1B1581DB47DB700292626 /* LMTabBar.m in Sources */,
				8A6257741D97D93D00C7ECCF /* UIImage+LM.m in Sources */,
				8A1EFE3D1DB8CD8000919B2B /* LMHomeHeaderView.m in Sources */,
				8AB562B01D86D8B70073E94E /* NSString+log.m in Sources */,
				8AB562B21D86D8B70073E94E /* LMHttpTool.m in Sources */,
				8AB562AF1D86D8B70073E94E /* NSString+Base64.m in Sources */,
			);
			runOnlyForDeploymentPostprocessing = 0;
		};
/* End PBXSourcesBuildPhase section */

/* Begin PBXVariantGroup section */
		8AB5627C1D86D19B0073E94E /* LaunchScreen.storyboard */ = {
			isa = PBXVariantGroup;
			children = (
				8AB5627D1D86D19B0073E94E /* Base */,
			);
			name = LaunchScreen.storyboard;
			path = ../..;
			sourceTree = "<group>";
		};
/* End PBXVariantGroup section */

/* Begin XCBuildConfiguration section */
		8AB562801D86D19B0073E94E /* Debug */ = {
			isa = XCBuildConfiguration;
			buildSettings = {
				ALWAYS_SEARCH_USER_PATHS = NO;
				CLANG_ANALYZER_NONNULL = YES;
				CLANG_CXX_LANGUAGE_STANDARD = "gnu++0x";
				CLANG_CXX_LIBRARY = "libc++";
				CLANG_ENABLE_MODULES = YES;
				CLANG_ENABLE_OBJC_ARC = YES;
				CLANG_WARN_BOOL_CONVERSION = YES;
				CLANG_WARN_CONSTANT_CONVERSION = YES;
				CLANG_WARN_DIRECT_OBJC_ISA_USAGE = YES_ERROR;
				CLANG_WARN_EMPTY_BODY = YES;
				CLANG_WARN_ENUM_CONVERSION = YES;
				CLANG_WARN_INT_CONVERSION = YES;
				CLANG_WARN_OBJC_ROOT_CLASS = YES_ERROR;
				CLANG_WARN_UNREACHABLE_CODE = YES;
				CLANG_WARN__DUPLICATE_METHOD_MATCH = YES;
				"CODE_SIGN_IDENTITY[sdk=iphoneos*]" = "iPhone Developer";
				COPY_PHASE_STRIP = NO;
				DEBUG_INFORMATION_FORMAT = dwarf;
				ENABLE_STRICT_OBJC_MSGSEND = YES;
				ENABLE_TESTABILITY = YES;
				GCC_C_LANGUAGE_STANDARD = gnu99;
				GCC_DYNAMIC_NO_PIC = NO;
				GCC_NO_COMMON_BLOCKS = YES;
				GCC_OPTIMIZATION_LEVEL = 0;
				GCC_PREPROCESSOR_DEFINITIONS = (
					"DEBUG=1",
					"$(inherited)",
				);
				GCC_WARN_64_TO_32_BIT_CONVERSION = YES;
				GCC_WARN_ABOUT_RETURN_TYPE = YES_ERROR;
				GCC_WARN_UNDECLARED_SELECTOR = YES;
				GCC_WARN_UNINITIALIZED_AUTOS = YES_AGGRESSIVE;
				GCC_WARN_UNUSED_FUNCTION = YES;
				GCC_WARN_UNUSED_VARIABLE = YES;
				IPHONEOS_DEPLOYMENT_TARGET = 9.3;
				MTL_ENABLE_DEBUG_INFO = YES;
				ONLY_ACTIVE_ARCH = YES;
				SDKROOT = iphoneos;
			};
			name = Debug;
		};
		8AB562811D86D19B0073E94E /* Release */ = {
			isa = XCBuildConfiguration;
			buildSettings = {
				ALWAYS_SEARCH_USER_PATHS = NO;
				CLANG_ANALYZER_NONNULL = YES;
				CLANG_CXX_LANGUAGE_STANDARD = "gnu++0x";
				CLANG_CXX_LIBRARY = "libc++";
				CLANG_ENABLE_MODULES = YES;
				CLANG_ENABLE_OBJC_ARC = YES;
				CLANG_WARN_BOOL_CONVERSION = YES;
				CLANG_WARN_CONSTANT_CONVERSION = YES;
				CLANG_WARN_DIRECT_OBJC_ISA_USAGE = YES_ERROR;
				CLANG_WARN_EMPTY_BODY = YES;
				CLANG_WARN_ENUM_CONVERSION = YES;
				CLANG_WARN_INT_CONVERSION = YES;
				CLANG_WARN_OBJC_ROOT_CLASS = YES_ERROR;
				CLANG_WARN_UNREACHABLE_CODE = YES;
				CLANG_WARN__DUPLICATE_METHOD_MATCH = YES;
				"CODE_SIGN_IDENTITY[sdk=iphoneos*]" = "iPhone Developer";
				COPY_PHASE_STRIP = NO;
				DEBUG_INFORMATION_FORMAT = "dwarf-with-dsym";
				ENABLE_NS_ASSERTIONS = NO;
				ENABLE_STRICT_OBJC_MSGSEND = YES;
				GCC_C_LANGUAGE_STANDARD = gnu99;
				GCC_NO_COMMON_BLOCKS = YES;
				GCC_WARN_64_TO_32_BIT_CONVERSION = YES;
				GCC_WARN_ABOUT_RETURN_TYPE = YES_ERROR;
				GCC_WARN_UNDECLARED_SELECTOR = YES;
				GCC_WARN_UNINITIALIZED_AUTOS = YES_AGGRESSIVE;
				GCC_WARN_UNUSED_FUNCTION = YES;
				GCC_WARN_UNUSED_VARIABLE = YES;
				IPHONEOS_DEPLOYMENT_TARGET = 9.3;
				MTL_ENABLE_DEBUG_INFO = NO;
				SDKROOT = iphoneos;
				VALIDATE_PRODUCT = YES;
			};
			name = Release;
		};
		8AB562831D86D19B0073E94E /* Debug */ = {
			isa = XCBuildConfiguration;
			baseConfigurationReference = 395107BD64AA5621AED04AE9 /* Pods-LMLoveFreshBeen.debug.xcconfig */;
			buildSettings = {
				ASSETCATALOG_COMPILER_APPICON_NAME = AppIcon;
				GCC_PREFIX_HEADER = "$(SRCROOT)/LMLoveFreshBeen/LoveFreshBeen.pch";
				INFOPLIST_FILE = LMLoveFreshBeen/Info.plist;
				IPHONEOS_DEPLOYMENT_TARGET = 9.2;
				LD_RUNPATH_SEARCH_PATHS = "$(inherited) @executable_path/Frameworks";
				PRODUCT_BUNDLE_IDENTIFIER = com.loveFreshBeen.app.LMLoveFreshBeen;
				PRODUCT_NAME = "$(TARGET_NAME)";
			};
			name = Debug;
		};
		8AB562841D86D19B0073E94E /* Release */ = {
			isa = XCBuildConfiguration;
			baseConfigurationReference = 477FA94CF3E9CDF361A095DD /* Pods-LMLoveFreshBeen.release.xcconfig */;
			buildSettings = {
				ASSETCATALOG_COMPILER_APPICON_NAME = AppIcon;
				GCC_PREFIX_HEADER = "$(SRCROOT)/LMLoveFreshBeen/LoveFreshBeen.pch";
				INFOPLIST_FILE = LMLoveFreshBeen/Info.plist;
				IPHONEOS_DEPLOYMENT_TARGET = 9.2;
				LD_RUNPATH_SEARCH_PATHS = "$(inherited) @executable_path/Frameworks";
				PRODUCT_BUNDLE_IDENTIFIER = com.loveFreshBeen.app.LMLoveFreshBeen;
				PRODUCT_NAME = "$(TARGET_NAME)";
			};
			name = Release;
		};
/* End XCBuildConfiguration section */

/* Begin XCConfigurationList section */
		8AB562661D86D19A0073E94E /* Build configuration list for PBXProject "LMLoveFreshBeen" */ = {
			isa = XCConfigurationList;
			buildConfigurations = (
				8AB562801D86D19B0073E94E /* Debug */,
				8AB562811D86D19B0073E94E /* Release */,
			);
			defaultConfigurationIsVisible = 0;
			defaultConfigurationName = Release;
		};
		8AB562821D86D19B0073E94E /* Build configuration list for PBXNativeTarget "LMLoveFreshBeen" */ = {
			isa = XCConfigurationList;
			buildConfigurations = (
				8AB562831D86D19B0073E94E /* Debug */,
				8AB562841D86D19B0073E94E /* Release */,
			);
			defaultConfigurationIsVisible = 0;
			defaultConfigurationName = Release;
		};
/* End XCConfigurationList section */
	};
	rootObject = 8AB562631D86D19A0073E94E /* Project object */;
}
